
Microsoft Visual Studio Solution File, Format Version 12.00
# Visual Studio Version 17
VisualStudioVersion = 17.5.33516.290
MinimumVisualStudioVersion = 10.0.40219.1
Project("{FAE04EC0-301F-11D3-BF4B-00C04F79EFBC}") = "WebUI", "WebUI.csproj", "{F314CE24-7238-45E0-B502-F886E1ECC0EB}"
EndProject
Global
	GlobalSection(SolutionConfigurationPlatforms) = preSolution
		Debug|Any CPU = Debug|Any CPU
		Release|Any CPU = Release|Any CPU
	EndGlobalSection
	GlobalSection(ProjectConfigurationPlatforms) = postSolution
		{F314CE24-7238-45E0-B502-F886E1ECC0EB}.Debug|Any CPU.ActiveCfg = Debug|Any CPU
		{F314CE24-7238-45E0-B502-F886E1ECC0EB}.Debug|Any CPU.Build.0 = Debug|Any CPU
		{F314CE24-7238-45E0-B502-F886E1ECC0EB}.Release|Any CPU.ActiveCfg = Release|Any CPU
		{F314CE24-7238-45E0-B502-F886E1ECC0EB}.Release|Any CPU.Build.0 = Release|Any CPU
	EndGlobalSection
	GlobalSection(SolutionProperties) = preSolution
		HideSolutionNode = FALSE
	EndGlobalSection
	GlobalSection(ExtensibilityGlobals) = postSolution
		SolutionGuid = {5F952067-5AD3-4A91-B004-1F4E88782CD0}
	EndGlobalSection
EndGlobal
